
Microsoft Visual Studio Solution File, Format Version 12.00
# Visual Studio Version 17
VisualStudioVersion = 17.5.002.0
MinimumVisualStudioVersion = 10.0.40219.1
Project("{9A19103F-16F7-4668-BE54-9A1E7A4F7556}") = "SimpleWebApp", "SimpleWebApp.csproj", "{3828A59C-00B4-491E-9C5B-7934B61E289A}"
EndProject
Global
	GlobalSection(SolutionConfigurationPlatforms) = preSolution
		Debug|Any CPU = Debug|Any CPU
		Release|Any CPU = Release|Any CPU
	EndGlobalSection
	GlobalSection(ProjectConfigurationPlatforms) = postSolution
		{3828A59C-00B4-491E-9C5B-7934B61E289A}.Debug|Any CPU.ActiveCfg = Debug|Any CPU
		{3828A59C-00B4-491E-9C5B-7934B61E289A}.Debug|Any CPU.Build.0 = Debug|Any CPU
		{3828A59C-00B4-491E-9C5B-7934B61E289A}.Release|Any CPU.ActiveCfg = Release|Any CPU
		{3828A59C-00B4-491E-9C5B-7934B61E289A}.Release|Any CPU.Build.0 = Release|Any CPU
	EndGlobalSection
	GlobalSection(SolutionProperties) = preSolution
		HideSolutionNode = FALSE
	EndGlobalSection
	GlobalSection(ExtensibilityGlobals) = postSolution
		SolutionGuid = {F5A3DA69-C872-4484-9E11-7EB822E1256B}
	EndGlobalSection
EndGlobal
